// !$*UTF8*$!
{
	archiveVersion = 1;
	classes = {
	};
	objectVersion = 46;
	objects = {

/* Begin PBXBuildFile section */
		BF2A45D11DC3358E006C6409 /* UIScrollView+Magic.swift in Sources */ = {isa = PBXBuildFile; fileRef = BF2A45D01DC3358E006C6409 /* UIScrollView+Magic.swift */; };
		BF2A45D31DC33783006C6409 /* README.md in Sources */ = {isa = PBXBuildFile; fileRef = BF2A45D21DC33783006C6409 /* README.md */; };
		BF4492201DC31417005A4E75 /* AppDelegate.swift in Sources */ = {isa = PBXBuildFile; fileRef = BF44921F1DC31417005A4E75 /* AppDelegate.swift */; };
		BF4492221DC31417005A4E75 /* ViewController.swift in Sources */ = {isa = PBXBuildFile; fileRef = BF4492211DC31417005A4E75 /* ViewController.swift */; };
		BF4492251DC31417005A4E75 /* Main.storyboard in Resources */ = {isa = PBXBuildFile; fileRef = BF4492231DC31417005A4E75 /* Main.storyboard */; };
		BF4492271DC31417005A4E75 /* Assets.xcassets in Resources */ = {isa = PBXBuildFile; fileRef = BF4492261DC31417005A4E75 /* Assets.xcassets */; };
		BF44922A1DC31417005A4E75 /* LaunchScreen.storyboard in Resources */ = {isa = PBXBuildFile; fileRef = BF4492281DC31417005A4E75 /* LaunchScreen.storyboard */; };
		BFD0AA031DC31EA30021E1B7 /* KeyButton.swift in Sources */ = {isa = PBXBuildFile; fileRef = BFD0AA021DC31EA30021E1B7 /* KeyButton.swift */; };
		BFD0AA051DC31EBE0021E1B7 /* Array+Magic.swift in Sources */ = {isa = PBXBuildFile; fileRef = BFD0AA041DC31EBE0021E1B7 /* Array+Magic.swift */; };
		BFD0AA071DC322E30021E1B7 /* UIColor+Magic.swift in Sources */ = {isa = PBXBuildFile; fileRef = BFD0AA061DC322E30021E1B7 /* UIColor+Magic.swift */; };
/* End PBXBuildFile section */

/* Begin PBXFileReference section */
		BF2A45D01DC3358E006C6409 /* UIScrollView+Magic.swift */ = {isa = PBXFileReference; fileEncoding = 4; lastKnownFileType = sourcecode.swift; path = "UIScrollView+Magic.swift"; sourceTree = "<group>"; };
		BF2A45D21DC33783006C6409 /* README.md */ = {isa = PBXFileReference; fileEncoding = 4; lastKnownFileType = net.daringfireball.markdown; path = README.md; sourceTree = "<group>"; };
		BF44921C1DC31417005A4E75 /* Force Touch Keyboard.app */ = {isa = PBXFileReference; explicitFileType = wrapper.application; includeInIndex = 0; path = "Force Touch Keyboard.app"; sourceTree = BUILT_PRODUCTS_DIR; };
		BF44921F1DC31417005A4E75 /* AppDelegate.swift */ = {isa = PBXFileReference; lastKnownFileType = sourcecode.swift; path = AppDelegate.swift; sourceTree = "<group>"; };
		BF4492211DC31417005A4E75 /* ViewController.swift */ = {isa = PBXFileReference; lastKnownFileType = sourcecode.swift; path = ViewController.swift; sourceTree = "<group>"; };
		BF4492241DC31417005A4E75 /* Base */ = {isa = PBXFileReference; lastKnownFileType = file.storyboard; name = Base; path = Base.lproj/Main.storyboard; sourceTree = "<group>"; };
		BF4492261DC31417005A4E75 /* Assets.xcassets */ = {isa = PBXFileReference; lastKnownFileType = folder.assetcatalog; path = Assets.xcassets; sourceTree = "<group>"; };
		BF4492291DC31417005A4E75 /* Base */ = {isa = PBXFileReference; lastKnownFileType = file.storyboard; name = Base; path = Base.lproj/LaunchScreen.storyboard; sourceTree = "<group>"; };
		BF44922B1DC31417005A4E75 /* Info.plist */ = {isa = PBXFileReference; lastKnownFileType = text.plist.xml; path = Info.plist; sourceTree = "<group>"; };
		BFD0AA021DC31EA30021E1B7 /* KeyButton.swift */ = {isa = PBXFileReference; fileEncoding = 4; lastKnownFileType = sourcecode.swift; path = KeyButton.swift; sourceTree = "<group>"; };
		BFD0AA041DC31EBE0021E1B7 /* Array+Magic.swift */ = {isa = PBXFileReference; fileEncoding = 4; lastKnownFileType = sourcecode.swift; path = "Array+Magic.swift"; sourceTree = "<group>"; };
		BFD0AA061DC322E30021E1B7 /* UIColor+Magic.swift */ = {isa = PBXFileReference; fileEncoding = 4; lastKnownFileType = sourcecode.swift; path = "UIColor+Magic.swift"; sourceTree = "<group>"; };
/* End PBXFileReference section */

/* Begin PBXFrameworksBuildPhase section */
		BF4492191DC31417005A4E75 /* Frameworks */ = {
			isa = PBXFrameworksBuildPhase;
			buildActionMask = 2147483647;
			files = (
			);
			runOnlyForDeploymentPostprocessing = 0;
		};
/* End PBXFrameworksBuildPhase section */

/* Begin PBXGroup section */
		BF4492131DC31417005A4E75 = {
			isa = PBXGroup;
			children = (
				BF2A45D21DC33783006C6409 /* README.md */,
				BF44921E1DC31417005A4E75 /* Force Touch Keyboard */,
				BF44921D1DC31417005A4E75 /* Products */,
			);
			sourceTree = "<group>";
		};
		BF44921D1DC31417005A4E75 /* Products */ = {
			isa = PBXGroup;
			children = (
				BF44921C1DC31417005A4E75 /* Force Touch Keyboard.app */,
			);
			name = Products;
			sourceTree = "<group>";
		};
		BF44921E1DC31417005A4E75 /* Force Touch Keyboard */ = {
			isa = PBXGroup;
			children = (
				BF44921F1DC31417005A4E75 /* AppDelegate.swift */,
				BF4492211DC31417005A4E75 /* ViewController.swift */,
				BFD0AA021DC31EA30021E1B7 /* KeyButton.swift */,
				BFD0AA041DC31EBE0021E1B7 /* Array+Magic.swift */,
				BFD0AA061DC322E30021E1B7 /* UIColor+Magic.swift */,
				BF2A45D01DC3358E006C6409 /* UIScrollView+Magic.swift */,
				BF4492231DC31417005A4E75 /* Main.storyboard */,
				BF4492261DC31417005A4E75 /* Assets.xcassets */,
				BF4492281DC31417005A4E75 /* LaunchScreen.storyboard */,
				BF44922B1DC31417005A4E75 /* Info.plist */,
			);
			path = "Force Touch Keyboard";
			sourceTree = "<group>";
		};
/* End PBXGroup section */

/* Begin PBXNativeTarget section */
		BF44921B1DC31417005A4E75 /* Force Touch Keyboard */ = {
			isa = PBXNativeTarget;
			buildConfigurationList = BF44922E1DC31417005A4E75 /* Build configuration list for PBXNativeTarget "Force Touch Keyboard" */;
			buildPhases = (
				BF4492181DC31417005A4E75 /* Sources */,
				BF4492191DC31417005A4E75 /* Frameworks */,
				BF44921A1DC31417005A4E75 /* Resources */,
			);
			buildRules = (
			);
			dependencies = (
			);
			name = "Force Touch Keyboard";
			productName = "Force Touch Keyboard";
			productReference = BF44921C1DC31417005A4E75 /* Force Touch Keyboard.app */;
			productType = "com.apple.product-type.application";
		};
/* End PBXNativeTarget section */

/* Begin PBXProject section */
		BF4492141DC31417005A4E75 /* Project object */ = {
			isa = PBXProject;
			attributes = {
				LastSwiftUpdateCheck = 0810;
				LastUpgradeCheck = 0810;
				ORGANIZATIONNAME = "Nathan Flurry";
				TargetAttributes = {
					BF44921B1DC31417005A4E75 = {
						CreatedOnToolsVersion = 8.1;
						DevelopmentTeam = US5KT4GR2Y;
						ProvisioningStyle = Automatic;
					};
				};
			};
			buildConfigurationList = BF4492171DC31417005A4E75 /* Build configuration list for PBXProject "Force Touch Keyboard" */;
			compatibilityVersion = "Xcode 3.2";
			developmentRegion = English;
			hasScannedForEncodings = 0;
			knownRegions = (
				en,
				Base,
			);
			mainGroup = BF4492131DC31417005A4E75;
			productRefGroup = BF44921D1DC31417005A4E75 /* Products */;
			projectDirPath = "";
			projectRoot = "";
			targets = (
				BF44921B1DC31417005A4E75 /* Force Touch Keyboard */,
			);
		};
/* End PBXProject section */

/* Begin PBXResourcesBuildPhase section */
		BF44921A1DC31417005A4E75 /* Resources */ = {
			isa = PBXResourcesBuildPhase;
			buildActionMask = 2147483647;
			files = (
				BF44922A1DC31417005A4E75 /* LaunchScreen.storyboard in Resources */,
				BF4492271DC31417005A4E75 /* Assets.xcassets in Resources */,
				BF4492251DC31417005A4E75 /* Main.storyboard in Resources */,
			);
			runOnlyForDeploymentPostprocessing = 0;
		};
/* End PBXResourcesBuildPhase section */

/* Begin PBXSourcesBuildPhase section */
		BF4492181DC31417005A4E75 /* Sources */ = {
			isa = PBXSourcesBuildPhase;
			buildActionMask = 2147483647;
			files = (
				BF4492221DC31417005A4E75 /* ViewController.swift in Sources */,
				BF4492201DC31417005A4E75 /* AppDelegate.swift in Sources */,
				BFD0AA031DC31EA30021E1B7 /* KeyButton.swift in Sources */,
				BF2A45D31DC33783006C6409 /* README.md in Sources */,
				BF2A45D11DC3358E006C6409 /* UIScrollView+Magic.swift in Sources */,
				BFD0AA071DC322E30021E1B7 /* UIColor+Magic.swift in Sources */,
				BFD0AA051DC31EBE0021E1B7 /* Array+Magic.swift in Sources */,
			);
			runOnlyForDeploymentPostprocessing = 0;
		};
/* End PBXSourcesBuildPhase section */

/* Begin PBXVariantGroup section */
		BF4492231DC31417005A4E75 /* Main.storyboard */ = {
			isa = PBXVariantGroup;
			children = (
				BF4492241DC31417005A4E75 /* Base */,
			);
			name = Main.storyboard;
			sourceTree = "<group>";
		};
		BF4492281DC31417005A4E75 /* LaunchScreen.storyboard */ = {
			isa = PBXVariantGroup;
			children = (
				BF4492291DC31417005A4E75 /* Base */,
			);
			name = LaunchScreen.storyboard;
			sourceTree = "<group>";
		};
/* End PBXVariantGroup section */

/* Begin XCBuildConfiguration section */
		BF44922C1DC31417005A4E75 /* Debug */ = {
			isa = XCBuildConfiguration;
			buildSettings = {
				ALWAYS_SEARCH_USER_PATHS = NO;
				CLANG_ANALYZER_NONNULL = YES;
				CLANG_CXX_LANGUAGE_STANDARD = "gnu++0x";
				CLANG_CXX_LIBRARY = "libc++";
				CLANG_ENABLE_MODULES = YES;
				CLANG_ENABLE_OBJC_ARC = YES;
				CLANG_WARN_BOOL_CONVERSION = YES;
				CLANG_WARN_CONSTANT_CONVERSION = YES;
				CLANG_WARN_DIRECT_OBJC_ISA_USAGE = YES_ERROR;
				CLANG_WARN_DOCUMENTATION_COMMENTS = YES;
				CLANG_WARN_EMPTY_BODY = YES;
				CLANG_WARN_ENUM_CONVERSION = YES;
				CLANG_WARN_INFINITE_RECURSION = YES;
				CLANG_WARN_INT_CONVERSION = YES;
				CLANG_WARN_OBJC_ROOT_CLASS = YES_ERROR;
				CLANG_WARN_SUSPICIOUS_MOVES = YES;
				CLANG_WARN_UNREACHABLE_CODE = YES;
				CLANG_WARN__DUPLICATE_METHOD_MATCH = YES;
				"CODE_SIGN_IDENTITY[sdk=iphoneos*]" = "iPhone Developer";
				COPY_PHASE_STRIP = NO;
				DEBUG_INFORMATION_FORMAT = dwarf;
				ENABLE_STRICT_OBJC_MSGSEND = YES;
				ENABLE_TESTABILITY = YES;
				GCC_C_LANGUAGE_STANDARD = gnu99;
				GCC_DYNAMIC_NO_PIC = NO;
				GCC_NO_COMMON_BLOCKS = YES;
				GCC_OPTIMIZATION_LEVEL = 0;
				GCC_PREPROCESSOR_DEFINITIONS = (
					"DEBUG=1",
					"$(inherited)",
				);
				GCC_WARN_64_TO_32_BIT_CONVERSION = YES;
				GCC_WARN_ABOUT_RETURN_TYPE = YES_ERROR;
				GCC_WARN_UNDECLARED_SELECTOR = YES;
				GCC_WARN_UNINITIALIZED_AUTOS = YES_AGGRESSIVE;
				GCC_WARN_UNUSED_FUNCTION = YES;
				GCC_WARN_UNUSED_VARIABLE = YES;
				IPHONEOS_DEPLOYMENT_TARGET = 10.1;
				MTL_ENABLE_DEBUG_INFO = YES;
				ONLY_ACTIVE_ARCH = YES;
				SDKROOT = iphoneos;
				SWIFT_ACTIVE_COMPILATION_CONDITIONS = DEBUG;
				SWIFT_OPTIMIZATION_LEVEL = "-Onone";
				TARGETED_DEVICE_FAMILY = "1,2";
			};
			name = Debug;
		};
		BF44922D1DC31417005A4E75 /* Release */ = {
			isa = XCBuildConfiguration;
			buildSettings = {
				ALWAYS_SEARCH_USER_PATHS = NO;
				CLANG_ANALYZER_NONNULL = YES;
				CLANG_CXX_LANGUAGE_STANDARD = "gnu++0x";
				CLANG_CXX_LIBRARY = "libc++";
				CLANG_ENABLE_MODULES = YES;
				CLANG_ENABLE_OBJC_ARC = YES;
				CLANG_WARN_BOOL_CONVERSION = YES;
				CLANG_WARN_CONSTANT_CONVERSION = YES;
				CLANG_WARN_DIRECT_OBJC_ISA_USAGE = YES_ERROR;
				CLANG_WARN_DOCUMENTATION_COMMENTS = YES;
				CLANG_WARN_EMPTY_BODY = YES;
				CLANG_WARN_ENUM_CONVERSION = YES;
				CLANG_WARN_INFINITE_RECURSION = YES;
				CLANG_WARN_INT_CONVERSION = YES;
				CLANG_WARN_OBJC_ROOT_CLASS = YES_ERROR;
				CLANG_WARN_SUSPICIOUS_MOVES = YES;
				CLANG_WARN_UNREACHABLE_CODE = YES;
				CLANG_WARN__DUPLICATE_METHOD_MATCH = YES;
				"CODE_SIGN_IDENTITY[sdk=iphoneos*]" = "iPhone Developer";
				COPY_PHASE_STRIP = NO;
				DEBUG_INFORMATION_FORMAT = "dwarf-with-dsym";
				ENABLE_NS_ASSERTIONS = NO;
				ENABLE_STRICT_OBJC_MSGSEND = YES;
				GCC_C_LANGUAGE_STANDARD = gnu99;
				GCC_NO_COMMON_BLOCKS = YES;
				GCC_WARN_64_TO_32_BIT_CONVERSION = YES;
				GCC_WARN_ABOUT_RETURN_TYPE = YES_ERROR;
				GCC_WARN_UNDECLARED_SELECTOR = YES;
				GCC_WARN_UNINITIALIZED_AUTOS = YES_AGGRESSIVE;
				GCC_WARN_UNUSED_FUNCTION = YES;
				GCC_WARN_UNUSED_VARIABLE = YES;
				IPHONEOS_DEPLOYMENT_TARGET = 10.1;
				MTL_ENABLE_DEBUG_INFO = NO;
				SDKROOT = iphoneos;
				SWIFT_OPTIMIZATION_LEVEL = "-Owholemodule";
				TARGETED_DEVICE_FAMILY = "1,2";
				VALIDATE_PRODUCT = YES;
			};
			name = Release;
		};
		BF44922F1DC31417005A4E75 /* Debug */ = {
			isa = XCBuildConfiguration;
			buildSettings = {
				ASSETCATALOG_COMPILER_APPICON_NAME = AppIcon;
				DEVELOPMENT_TEAM = US5KT4GR2Y;
				INFOPLIST_FILE = "Force Touch Keyboard/Info.plist";
				LD_RUNPATH_SEARCH_PATHS = "$(inherited) @executable_path/Frameworks";
				PRODUCT_BUNDLE_IDENTIFIER = "com.NathanFlurry.Force-Touch-Keyboard";
				PRODUCT_NAME = "$(TARGET_NAME)";
				SWIFT_VERSION = 3.0;
			};
			name = Debug;
		};
		BF4492301DC31417005A4E75 /* Release */ = {
			isa = XCBuildConfiguration;
			buildSettings = {
				ASSETCATALOG_COMPILER_APPICON_NAME = AppIcon;
				DEVELOPMENT_TEAM = US5KT4GR2Y;
				INFOPLIST_FILE = "Force Touch Keyboard/Info.plist";
				LD_RUNPATH_SEARCH_PATHS = "$(inherited) @executable_path/Frameworks";
				PRODUCT_BUNDLE_IDENTIFIER = "com.NathanFlurry.Force-Touch-Keyboard";
				PRODUCT_NAME = "$(TARGET_NAME)";
				SWIFT_VERSION = 3.0;
			};
			name = Release;
		};
/* End XCBuildConfiguration section */

/* Begin XCConfigurationList section */
		BF4492171DC31417005A4E75 /* Build configuration list for PBXProject "Force Touch Keyboard" */ = {
			isa = XCConfigurationList;
			buildConfigurations = (
				BF44922C1DC31417005A4E75 /* Debug */,
				BF44922D1DC31417005A4E75 /* Release */,
			);
			defaultConfigurationIsVisible = 0;
			defaultConfigurationName = Release;
		};
		BF44922E1DC31417005A4E75 /* Build configuration list for PBXNativeTarget "Force Touch Keyboard" */ = {
			isa = XCConfigurationList;
			buildConfigurations = (
				BF44922F1DC31417005A4E75 /* Debug */,
				BF4492301DC31417005A4E75 /* Release */,
			);
			defaultConfigurationIsVisible = 0;
			defaultConfigurationName = Release;
		};
/* End XCConfigurationList section */
	};
	rootObject = BF4492141DC31417005A4E75 /* Project object */;
}
